
Microsoft Visual Studio Solution File, Format Version 12.00
# Visual Studio Version 17
VisualStudioVersion = 17.7.34221.43
MinimumVisualStudioVersion = 10.0.40219.1
Project("{9A19103F-16F7-4668-BE54-9A1E7A4F7556}") = "ToDo.Api", "ToDo.Api\ToDo.Api.csproj", "{30B75174-F912-465D-BC44-8D26117BD581}"
EndProject
Project("{9A19103F-16F7-4668-BE54-9A1E7A4F7556}") = "Entity", "Entity\Entity.csproj", "{DBCC8268-1D99-409C-9AA3-6ACC0E3DA2F8}"
EndProject
Project("{9A19103F-16F7-4668-BE54-9A1E7A4F7556}") = "DAL", "DAL\DAL.csproj", "{698864EE-1D50-4584-B47B-624502BB5018}"
EndProject
Project("{9A19103F-16F7-4668-BE54-9A1E7A4F7556}") = "BLL", "BLL\BLL.csproj", "{3D19FDD7-591F-4D40-B1A1-A87D79B5819A}"
EndProject
Global
	GlobalSection(SolutionConfigurationPlatforms) = preSolution
		Debug|Any CPU = Debug|Any CPU
		Release|Any CPU = Release|Any CPU
	EndGlobalSection
	GlobalSection(ProjectConfigurationPlatforms) = postSolution
		{30B75174-F912-465D-BC44-8D26117BD581}.Debug|Any CPU.ActiveCfg = Debug|Any CPU
		{30B75174-F912-465D-BC44-8D26117BD581}.Debug|Any CPU.Build.0 = Debug|Any CPU
		{30B75174-F912-465D-BC44-8D26117BD581}.Release|Any CPU.ActiveCfg = Release|Any CPU
		{30B75174-F912-465D-BC44-8D26117BD581}.Release|Any CPU.Build.0 = Release|Any CPU
		{DBCC8268-1D99-409C-9AA3-6ACC0E3DA2F8}.Debug|Any CPU.ActiveCfg = Debug|Any CPU
		{DBCC8268-1D99-409C-9AA3-6ACC0E3DA2F8}.Debug|Any CPU.Build.0 = Debug|Any CPU
		{DBCC8268-1D99-409C-9AA3-6ACC0E3DA2F8}.Release|Any CPU.ActiveCfg = Release|Any CPU
		{DBCC8268-1D99-409C-9AA3-6ACC0E3DA2F8}.Release|Any CPU.Build.0 = Release|Any CPU
		{698864EE-1D50-4584-B47B-624502BB5018}.Debug|Any CPU.ActiveCfg = Debug|Any CPU
		{698864EE-1D50-4584-B47B-624502BB5018}.Debug|Any CPU.Build.0 = Debug|Any CPU
		{698864EE-1D50-4584-B47B-624502BB5018}.Release|Any CPU.ActiveCfg = Release|Any CPU
		{698864EE-1D50-4584-B47B-624502BB5018}.Release|Any CPU.Build.0 = Release|Any CPU
		{3D19FDD7-591F-4D40-B1A1-A87D79B5819A}.Debug|Any CPU.ActiveCfg = Debug|Any CPU
		{3D19FDD7-591F-4D40-B1A1-A87D79B5819A}.Debug|Any CPU.Build.0 = Debug|Any CPU
		{3D19FDD7-591F-4D40-B1A1-A87D79B5819A}.Release|Any CPU.ActiveCfg = Release|Any CPU
		{3D19FDD7-591F-4D40-B1A1-A87D79B5819A}.Release|Any CPU.Build.0 = Release|Any CPU
	EndGlobalSection
	GlobalSection(SolutionProperties) = preSolution
		HideSolutionNode = FALSE
	EndGlobalSection
	GlobalSection(ExtensibilityGlobals) = postSolution
		SolutionGuid = {9FB700E9-0320-4D39-AAA0-34D4F757D597}
	EndGlobalSection
EndGlobal
